{
  "name": "downloadlike",
  "version": "1.0.0",
  "lockfileVersion": 2,
  "requires": true,
  "packages": {
    "": {
      "name": "downloadlike",
      "version": "1.0.0",
      "hasInstallScript": true,
      "license": "ISC",
      "dependencies": {
        "listr2": "^9.0.5",
        "playwright": "^1.57.0"
      },
      "engines": {
        "node": ">=22.19.0"
      }
    },
    "node_modules/ansi-escapes": {
      "version": "7.2.0",
      "resolved": "https://registry.npmmirror.com/ansi-escapes/-/ansi-escapes-7.2.0.tgz",
      "integrity": "sha512-g6LhBsl+GBPRWGWsBtutpzBYuIIdBkLEvad5C/va/74Db018+5TZiyA26cZJAr3Rft5lprVqOIPxf5Vid6tqAw==",
      "license": "MIT",
      "dependencies": {
        "environment": "^1.0.0"
      },
      "engines": {
        "node": ">=18"
      },
      "funding": {
        "url": "https://github.com/sponsors/sindresorhus"
      }
    },
    "node_modules/ansi-regex": {
      "version": "6.2.2",
      "resolved": "https://registry.npmmirror.com/ansi-regex/-/ansi-regex-6.2.2.tgz",
      "integrity": "sha512-Bq3SmSpyFHaWjPk8If9yc6svM8c56dB5BAtW4Qbw5jHTwwXXcTLoRMkpDJp6VL0XzlWaCHTXrkFURMYmD0sLqg==",
      "license": "MIT",
      "engines": {
        "node": ">=12"
      },
      "funding": {
        "url": "https://github.com/chalk/ansi-regex?sponsor=1"
      }
    },
    "node_modules/ansi-styles": {
      "version": "6.2.3",
      "resolved": "https://registry.npmmirror.com/ansi-styles/-/ansi-styles-6.2.3.tgz",
      "integrity": "sha512-4Dj6M28JB+oAH8kFkTLUo+a2jwOFkuqb3yucU0CANcRRUbxS0cP0nZYCGjcc3BNXwRIsUVmDGgzawme7zvJHvg==",
      "license": "MIT",
      "engines": {
        "node": ">=12"
      },
      "funding": {
        "url": "https://github.com/chalk/ansi-styles?sponsor=1"
      }
    },
    "node_modules/cli-cursor": {
      "version": "5.0.0",
      "resolved": "https://registry.npmmirror.com/cli-cursor/-/cli-cursor-5.0.0.tgz",
      "integrity": "sha512-aCj4O5wKyszjMmDT4tZj93kxyydN/K5zPWSCe6/0AV/AA1pqe5ZBIw0a2ZfPQV7lL5/yb5HsUreJ6UFAF1tEQw==",
      "license": "MIT",
      "dependencies": {
        "restore-cursor": "^5.0.0"
      },
      "engines": {
        "node": ">=18"
      },
      "funding": {
        "url": "https://github.com/sponsors/sindresorhus"
      }
    },
    "node_modules/cli-truncate": {
      "version": "5.1.1",
      "resolved": "https://registry.npmmirror.com/cli-truncate/-/cli-truncate-5.1.1.tgz",
      "integrity": "sha512-SroPvNHxUnk+vIW/dOSfNqdy1sPEFkrTk6TUtqLCnBlo3N7TNYYkzzN7uSD6+jVjrdO4+p8nH7JzH6cIvUem6A==",
      "license": "MIT",
      "dependencies": {
        "slice-ansi": "^7.1.0",
        "string-width": "^8.0.0"
      },
      "engines": {
        "node": ">=20"
      },
      "funding": {
        "url": "https://github.com/sponsors/sindresorhus"
      }
    },
    "node_modules/colorette": {
      "version": "2.0.20",
      "resolved": "https://registry.npmmirror.com/colorette/-/colorette-2.0.20.tgz",
      "integrity": "sha512-IfEDxwoWIjkeXL1eXcDiow4UbKjhLdq6/EuSVR9GMN7KVH3r9gQ83e73hsz1Nd1T3ijd5xv1wcWRYO+D6kCI2w==",
      "license": "MIT"
    },
    "node_modules/emoji-regex": {
      "version": "10.6.0",
      "resolved": "https://registry.npmmirror.com/emoji-regex/-/emoji-regex-10.6.0.tgz",
      "integrity": "sha512-toUI84YS5YmxW219erniWD0CIVOo46xGKColeNQRgOzDorgBi1v4D71/OFzgD9GO2UGKIv1C3Sp8DAn0+j5w7A==",
      "license": "MIT"
    },
    "node_modules/environment": {
      "version": "1.1.0",
      "resolved": "https://registry.npmmirror.com/environment/-/environment-1.1.0.tgz",
      "integrity": "sha512-xUtoPkMggbz0MPyPiIWr1Kp4aeWJjDZ6SMvURhimjdZgsRuDplF5/s9hcgGhyXMhs+6vpnuoiZ2kFiu3FMnS8Q==",
      "license": "MIT",
      "engines": {
        "node": ">=18"
      },
      "funding": {
        "url": "https://github.com/sponsors/sindresorhus"
      }
    },
    "node_modules/eventemitter3": {
      "version": "5.0.1",
      "resolved": "https://registry.npmmirror.com/eventemitter3/-/eventemitter3-5.0.1.tgz",
      "integrity": "sha512-GWkBvjiSZK87ELrYOSESUYeVIc9mvLLf/nXalMOS5dYrgZq9o5OVkbZAVM06CVxYsCwH9BDZFPlQTlPA1j4ahA==",
      "license": "MIT"
    },
    "node_modules/fsevents": {
      "version": "2.3.2",
      "resolved": "https://registry.npmmirror.com/fsevents/-/fsevents-2.3.2.tgz",
      "integrity": "sha512-xiqMQR4xAeHTuB9uWm+fFRcIOgKBMiOBP+eXiyT7jsgVCq1bkVygt00oASowB7EdtpOHaaPgKt812P9ab+DDKA==",
      "hasInstallScript": true,
      "license": "MIT",
      "optional": true,
      "os": [
        "darwin"
      ],
      "engines": {
        "node": "^8.16.0 || ^10.6.0 || >=11.0.0"
      }
    },
    "node_modules/get-east-asian-width": {
      "version": "1.4.0",
      "resolved": "https://registry.npmmirror.com/get-east-asian-width/-/get-east-asian-width-1.4.0.tgz",
      "integrity": "sha512-QZjmEOC+IT1uk6Rx0sX22V6uHWVwbdbxf1faPqJ1QhLdGgsRGCZoyaQBm/piRdJy/D2um6hM1UP7ZEeQ4EkP+Q==",
      "license": "MIT",
      "engines": {
        "node": ">=18"
      },
      "funding": {
        "url": "https://github.com/sponsors/sindresorhus"
      }
    },
    "node_modules/is-fullwidth-code-point": {
      "version": "5.1.0",
      "resolved": "https://registry.npmmirror.com/is-fullwidth-code-point/-/is-fullwidth-code-point-5.1.0.tgz",
      "integrity": "sha512-5XHYaSyiqADb4RnZ1Bdad6cPp8Toise4TzEjcOYDHZkTCbKgiUl7WTUCpNWHuxmDt91wnsZBc9xinNzopv3JMQ==",
      "license": "MIT",
      "dependencies": {
        "get-east-asian-width": "^1.3.1"
      },
      "engines": {
        "node": ">=18"
      },
      "funding": {
        "url": "https://github.com/sponsors/sindresorhus"
      }
    },
    "node_modules/listr2": {
      "version": "9.0.5",
      "resolved": "https://registry.npmmirror.com/listr2/-/listr2-9.0.5.tgz",
      "integrity": "sha512-ME4Fb83LgEgwNw96RKNvKV4VTLuXfoKudAmm2lP8Kk87KaMK0/Xrx/aAkMWmT8mDb+3MlFDspfbCs7adjRxA2g==",
      "license": "MIT",
      "dependencies": {
        "cli-truncate": "^5.0.0",
        "colorette": "^2.0.20",
        "eventemitter3": "^5.0.1",
        "log-update": "^6.1.0",
        "rfdc": "^1.4.1",
        "wrap-ansi": "^9.0.0"
      },
      "engines": {
        "node": ">=20.0.0"
      }
    },
    "node_modules/log-update": {
      "version": "6.1.0",
      "resolved": "https://registry.npmmirror.com/log-update/-/log-update-6.1.0.tgz",
      "integrity": "sha512-9ie8ItPR6tjY5uYJh8K/Zrv/RMZ5VOlOWvtZdEHYSTFKZfIBPQa9tOAEeAWhd+AnIneLJ22w5fjOYtoutpWq5w==",
      "license": "MIT",
      "dependencies": {
        "ansi-escapes": "^7.0.0",
        "cli-cursor": "^5.0.0",
        "slice-ansi": "^7.1.0",
        "strip-ansi": "^7.1.0",
        "wrap-ansi": "^9.0.0"
      },
      "engines": {
        "node": ">=18"
      },
      "funding": {
        "url": "https://github.com/sponsors/sindresorhus"
      }
    },
    "node_modules/mimic-function": {
      "version": "5.0.1",
      "resolved": "https://registry.npmmirror.com/mimic-function/-/mimic-function-5.0.1.tgz",
      "integrity": "sha512-VP79XUPxV2CigYP3jWwAUFSku2aKqBH7uTAapFWCBqutsbmDo96KY5o8uh6U+/YSIn5OxJnXp73beVkpqMIGhA==",
      "license": "MIT",
      "engines": {
        "node": ">=18"
      },
      "funding": {
        "url": "https://github.com/sponsors/sindresorhus"
      }
    },
    "node_modules/onetime": {
      "version": "7.0.0",
      "resolved": "https://registry.npmmirror.com/onetime/-/onetime-7.0.0.tgz",
      "integrity": "sha512-VXJjc87FScF88uafS3JllDgvAm+c/Slfz06lorj2uAY34rlUu0Nt+v8wreiImcrgAjjIHp1rXpTDlLOGw29WwQ==",
      "license": "MIT",
      "dependencies": {
        "mimic-function": "^5.0.0"
      },
      "engines": {
        "node": ">=18"
      },
      "funding": {
        "url": "https://github.com/sponsors/sindresorhus"
      }
    },
    "node_modules/playwright": {
      "version": "1.57.0",
      "resolved": "https://registry.npmmirror.com/playwright/-/playwright-1.57.0.tgz",
      "integrity": "sha512-ilYQj1s8sr2ppEJ2YVadYBN0Mb3mdo9J0wQ+UuDhzYqURwSoW4n1Xs5vs7ORwgDGmyEh33tRMeS8KhdkMoLXQw==",
      "license": "Apache-2.0",
      "dependencies": {
        "playwright-core": "1.57.0"
      },
      "bin": {
        "playwright": "cli.js"
      },
      "engines": {
        "node": ">=18"
      },
      "optionalDependencies": {
        "fsevents": "2.3.2"
      }
    },
    "node_modules/playwright-core": {
      "version": "1.57.0",
      "resolved": "https://registry.npmmirror.com/playwright-core/-/playwright-core-1.57.0.tgz",
      "integrity": "sha512-agTcKlMw/mjBWOnD6kFZttAAGHgi/Nw0CZ2o6JqWSbMlI219lAFLZZCyqByTsvVAJq5XA5H8cA6PrvBRpBWEuQ==",
      "license": "Apache-2.0",
      "bin": {
        "playwright-core": "cli.js"
      },
      "engines": {
        "node": ">=18"
      }
    },
    "node_modules/restore-cursor": {
      "version": "5.1.0",
      "resolved": "https://registry.npmmirror.com/restore-cursor/-/restore-cursor-5.1.0.tgz",
      "integrity": "sha512-oMA2dcrw6u0YfxJQXm342bFKX/E4sG9rbTzO9ptUcR/e8A33cHuvStiYOwH7fszkZlZ1z/ta9AAoPk2F4qIOHA==",
      "license": "MIT",
      "dependencies": {
        "onetime": "^7.0.0",
        "signal-exit": "^4.1.0"
      },
      "engines": {
        "node": ">=18"
      },
      "funding": {
        "url": "https://github.com/sponsors/sindresorhus"
      }
    },
    "node_modules/rfdc": {
      "version": "1.4.1",
      "resolved": "https://registry.npmmirror.com/rfdc/-/rfdc-1.4.1.tgz",
      "integrity": "sha512-q1b3N5QkRUWUl7iyylaaj3kOpIT0N2i9MqIEQXP73GVsN9cw3fdx8X63cEmWhJGi2PPCF23Ijp7ktmd39rawIA==",
      "license": "MIT"
    },
    "node_modules/signal-exit": {
      "version": "4.1.0",
      "resolved": "https://registry.npmmirror.com/signal-exit/-/signal-exit-4.1.0.tgz",
      "integrity": "sha512-bzyZ1e88w9O1iNJbKnOlvYTrWPDl46O1bG0D3XInv+9tkPrxrN8jUUTiFlDkkmKWgn1M6CfIA13SuGqOa9Korw==",
      "license": "ISC",
      "engines": {
        "node": ">=14"
      },
      "funding": {
        "url": "https://github.com/sponsors/isaacs"
      }
    },
    "node_modules/slice-ansi": {
      "version": "7.1.2",
      "resolved": "https://registry.npmmirror.com/slice-ansi/-/slice-ansi-7.1.2.tgz",
      "integrity": "sha512-iOBWFgUX7caIZiuutICxVgX1SdxwAVFFKwt1EvMYYec/NWO5meOJ6K5uQxhrYBdQJne4KxiqZc+KptFOWFSI9w==",
      "license": "MIT",
      "dependencies": {
        "ansi-styles": "^6.2.1",
        "is-fullwidth-code-point": "^5.0.0"
      },
      "engines": {
        "node": ">=18"
      },
      "funding": {
        "url": "https://github.com/chalk/slice-ansi?sponsor=1"
      }
    },
    "node_modules/string-width": {
      "version": "8.1.0",
      "resolved": "https://registry.npmmirror.com/string-width/-/string-width-8.1.0.tgz",
      "integrity": "sha512-Kxl3KJGb/gxkaUMOjRsQ8IrXiGW75O4E3RPjFIINOVH8AMl2SQ/yWdTzWwF3FevIX9LcMAjJW+GRwAlAbTSXdg==",
      "license": "MIT",
      "dependencies": {
        "get-east-asian-width": "^1.3.0",
        "strip-ansi": "^7.1.0"
      },
      "engines": {
        "node": ">=20"
      },
      "funding": {
        "url": "https://github.com/sponsors/sindresorhus"
      }
    },
    "node_modules/strip-ansi": {
      "version": "7.1.2",
      "resolved": "https://registry.npmmirror.com/strip-ansi/-/strip-ansi-7.1.2.tgz",
      "integrity": "sha512-gmBGslpoQJtgnMAvOVqGZpEz9dyoKTCzy2nfz/n8aIFhN/jCE/rCmcxabB6jOOHV+0WNnylOxaxBQPSvcWklhA==",
      "license": "MIT",
      "dependencies": {
        "ansi-regex": "^6.0.1"
      },
      "engines": {
        "node": ">=12"
      },
      "funding": {
        "url": "https://github.com/chalk/strip-ansi?sponsor=1"
      }
    },
    "node_modules/wrap-ansi": {
      "version": "9.0.2",
      "resolved": "https://registry.npmmirror.com/wrap-ansi/-/wrap-ansi-9.0.2.tgz",
      "integrity": "sha512-42AtmgqjV+X1VpdOfyTGOYRi0/zsoLqtXQckTmqTeybT+BDIbM/Guxo7x3pE2vtpr1ok6xRqM9OpBe+Jyoqyww==",
      "license": "MIT",
      "dependencies": {
        "ansi-styles": "^6.2.1",
        "string-width": "^7.0.0",
        "strip-ansi": "^7.1.0"
      },
      "engines": {
        "node": ">=18"
      },
      "funding": {
        "url": "https://github.com/chalk/wrap-ansi?sponsor=1"
      }
    },
    "node_modules/wrap-ansi/node_modules/string-width": {
      "version": "7.2.0",
      "resolved": "https://registry.npmmirror.com/string-width/-/string-width-7.2.0.tgz",
      "integrity": "sha512-tsaTIkKW9b4N+AEj+SVA+WhJzV7/zMhcSu78mLKWSk7cXMOSHsBKFWUs0fWwq8QyK3MgJBQRX6Gbi4kYbdvGkQ==",
      "license": "MIT",
      "dependencies": {
        "emoji-regex": "^10.3.0",
        "get-east-asian-width": "^1.0.0",
        "strip-ansi": "^7.1.0"
      },
      "engines": {
        "node": ">=18"
      },
      "funding": {
        "url": "https://github.com/sponsors/sindresorhus"
      }
    }
  },
  "dependencies": {
    "ansi-escapes": {
      "version": "7.2.0",
      "resolved": "https://registry.npmmirror.com/ansi-escapes/-/ansi-escapes-7.2.0.tgz",
      "integrity": "sha512-g6LhBsl+GBPRWGWsBtutpzBYuIIdBkLEvad5C/va/74Db018+5TZiyA26cZJAr3Rft5lprVqOIPxf5Vid6tqAw==",
      "requires": {
        "environment": "^1.0.0"
      }
    },
    "ansi-regex": {
      "version": "6.2.2",
      "resolved": "https://registry.npmmirror.com/ansi-regex/-/ansi-regex-6.2.2.tgz",
      "integrity": "sha512-Bq3SmSpyFHaWjPk8If9yc6svM8c56dB5BAtW4Qbw5jHTwwXXcTLoRMkpDJp6VL0XzlWaCHTXrkFURMYmD0sLqg=="
    },
    "ansi-styles": {
      "version": "6.2.3",
      "resolved": "https://registry.npmmirror.com/ansi-styles/-/ansi-styles-6.2.3.tgz",
      "integrity": "sha512-4Dj6M28JB+oAH8kFkTLUo+a2jwOFkuqb3yucU0CANcRRUbxS0cP0nZYCGjcc3BNXwRIsUVmDGgzawme7zvJHvg=="
    },
    "cli-cursor": {
      "version": "5.0.0",
      "resolved": "https://registry.npmmirror.com/cli-cursor/-/cli-cursor-5.0.0.tgz",
      "integrity": "sha512-aCj4O5wKyszjMmDT4tZj93kxyydN/K5zPWSCe6/0AV/AA1pqe5ZBIw0a2ZfPQV7lL5/yb5HsUreJ6UFAF1tEQw==",
      "requires": {
        "restore-cursor": "^5.0.0"
      }
    },
    "cli-truncate": {
      "version": "5.1.1",
      "resolved": "https://registry.npmmirror.com/cli-truncate/-/cli-truncate-5.1.1.tgz",
      "integrity": "sha512-SroPvNHxUnk+vIW/dOSfNqdy1sPEFkrTk6TUtqLCnBlo3N7TNYYkzzN7uSD6+jVjrdO4+p8nH7JzH6cIvUem6A==",
      "requires": {
        "slice-ansi": "^7.1.0",
        "string-width": "^8.0.0"
      }
    },
    "colorette": {
      "version": "2.0.20",
      "resolved": "https://registry.npmmirror.com/colorette/-/colorette-2.0.20.tgz",
      "integrity": "sha512-IfEDxwoWIjkeXL1eXcDiow4UbKjhLdq6/EuSVR9GMN7KVH3r9gQ83e73hsz1Nd1T3ijd5xv1wcWRYO+D6kCI2w=="
    },
    "emoji-regex": {
      "version": "10.6.0",
      "resolved": "https://registry.npmmirror.com/emoji-regex/-/emoji-regex-10.6.0.tgz",
      "integrity": "sha512-toUI84YS5YmxW219erniWD0CIVOo46xGKColeNQRgOzDorgBi1v4D71/OFzgD9GO2UGKIv1C3Sp8DAn0+j5w7A=="
    },
    "environment": {
      "version": "1.1.0",
      "resolved": "https://registry.npmmirror.com/environment/-/environment-1.1.0.tgz",
      "integrity": "sha512-xUtoPkMggbz0MPyPiIWr1Kp4aeWJjDZ6SMvURhimjdZgsRuDplF5/s9hcgGhyXMhs+6vpnuoiZ2kFiu3FMnS8Q=="
    },
    "eventemitter3": {
      "version": "5.0.1",
      "resolved": "https://registry.npmmirror.com/eventemitter3/-/eventemitter3-5.0.1.tgz",
      "integrity": "sha512-GWkBvjiSZK87ELrYOSESUYeVIc9mvLLf/nXalMOS5dYrgZq9o5OVkbZAVM06CVxYsCwH9BDZFPlQTlPA1j4ahA=="
    },
    "fsevents": {
      "version": "2.3.2",
      "resolved": "https://registry.npmmirror.com/fsevents/-/fsevents-2.3.2.tgz",
      "integrity": "sha512-xiqMQR4xAeHTuB9uWm+fFRcIOgKBMiOBP+eXiyT7jsgVCq1bkVygt00oASowB7EdtpOHaaPgKt812P9ab+DDKA==",
      "optional": true
    },
    "get-east-asian-width": {
      "version": "1.4.0",
      "resolved": "https://registry.npmmirror.com/get-east-asian-width/-/get-east-asian-width-1.4.0.tgz",
      "integrity": "sha512-QZjmEOC+IT1uk6Rx0sX22V6uHWVwbdbxf1faPqJ1QhLdGgsRGCZoyaQBm/piRdJy/D2um6hM1UP7ZEeQ4EkP+Q=="
    },
    "is-fullwidth-code-point": {
      "version": "5.1.0",
      "resolved": "https://registry.npmmirror.com/is-fullwidth-code-point/-/is-fullwidth-code-point-5.1.0.tgz",
      "integrity": "sha512-5XHYaSyiqADb4RnZ1Bdad6cPp8Toise4TzEjcOYDHZkTCbKgiUl7WTUCpNWHuxmDt91wnsZBc9xinNzopv3JMQ==",
      "requires": {
        "get-east-asian-width": "^1.3.1"
      }
    },
    "listr2": {
      "version": "9.0.5",
      "resolved": "https://registry.npmmirror.com/listr2/-/listr2-9.0.5.tgz",
      "integrity": "sha512-ME4Fb83LgEgwNw96RKNvKV4VTLuXfoKudAmm2lP8Kk87KaMK0/Xrx/aAkMWmT8mDb+3MlFDspfbCs7adjRxA2g==",
      "requires": {
        "cli-truncate": "^5.0.0",
        "colorette": "^2.0.20",
        "eventemitter3": "^5.0.1",
        "log-update": "^6.1.0",
        "rfdc": "^1.4.1",
        "wrap-ansi": "^9.0.0"
      }
    },
    "log-update": {
      "version": "6.1.0",
      "resolved": "https://registry.npmmirror.com/log-update/-/log-update-6.1.0.tgz",
      "integrity": "sha512-9ie8ItPR6tjY5uYJh8K/Zrv/RMZ5VOlOWvtZdEHYSTFKZfIBPQa9tOAEeAWhd+AnIneLJ22w5fjOYtoutpWq5w==",
      "requires": {
        "ansi-escapes": "^7.0.0",
        "cli-cursor": "^5.0.0",
        "slice-ansi": "^7.1.0",
        "strip-ansi": "^7.1.0",
        "wrap-ansi": "^9.0.0"
      }
    },
    "mimic-function": {
      "version": "5.0.1",
      "resolved": "https://registry.npmmirror.com/mimic-function/-/mimic-function-5.0.1.tgz",
      "integrity": "sha512-VP79XUPxV2CigYP3jWwAUFSku2aKqBH7uTAapFWCBqutsbmDo96KY5o8uh6U+/YSIn5OxJnXp73beVkpqMIGhA=="
    },
    "onetime": {
      "version": "7.0.0",
      "resolved": "https://registry.npmmirror.com/onetime/-/onetime-7.0.0.tgz",
      "integrity": "sha512-VXJjc87FScF88uafS3JllDgvAm+c/Slfz06lorj2uAY34rlUu0Nt+v8wreiImcrgAjjIHp1rXpTDlLOGw29WwQ==",
      "requires": {
        "mimic-function": "^5.0.0"
      }
    },
    "playwright": {
      "version": "1.57.0",
      "resolved": "https://registry.npmmirror.com/playwright/-/playwright-1.57.0.tgz",
      "integrity": "sha512-ilYQj1s8sr2ppEJ2YVadYBN0Mb3mdo9J0wQ+UuDhzYqURwSoW4n1Xs5vs7ORwgDGmyEh33tRMeS8KhdkMoLXQw==",
      "requires": {
        "fsevents": "2.3.2",
        "playwright-core": "1.57.0"
      }
    },
    "playwright-core": {
      "version": "1.57.0",
      "resolved": "https://registry.npmmirror.com/playwright-core/-/playwright-core-1.57.0.tgz",
      "integrity": "sha512-agTcKlMw/mjBWOnD6kFZttAAGHgi/Nw0CZ2o6JqWSbMlI219lAFLZZCyqByTsvVAJq5XA5H8cA6PrvBRpBWEuQ=="
    },
    "restore-cursor": {
      "version": "5.1.0",
      "resolved": "https://registry.npmmirror.com/restore-cursor/-/restore-cursor-5.1.0.tgz",
      "integrity": "sha512-oMA2dcrw6u0YfxJQXm342bFKX/E4sG9rbTzO9ptUcR/e8A33cHuvStiYOwH7fszkZlZ1z/ta9AAoPk2F4qIOHA==",
      "requires": {
        "onetime": "^7.0.0",
        "signal-exit": "^4.1.0"
      }
    },
    "rfdc": {
      "version": "1.4.1",
      "resolved": "https://registry.npmmirror.com/rfdc/-/rfdc-1.4.1.tgz",
      "integrity": "sha512-q1b3N5QkRUWUl7iyylaaj3kOpIT0N2i9MqIEQXP73GVsN9cw3fdx8X63cEmWhJGi2PPCF23Ijp7ktmd39rawIA=="
    },
    "signal-exit": {
      "version": "4.1.0",
      "resolved": "https://registry.npmmirror.com/signal-exit/-/signal-exit-4.1.0.tgz",
      "integrity": "sha512-bzyZ1e88w9O1iNJbKnOlvYTrWPDl46O1bG0D3XInv+9tkPrxrN8jUUTiFlDkkmKWgn1M6CfIA13SuGqOa9Korw=="
    },
    "slice-ansi": {
      "version": "7.1.2",
      "resolved": "https://registry.npmmirror.com/slice-ansi/-/slice-ansi-7.1.2.tgz",
      "integrity": "sha512-iOBWFgUX7caIZiuutICxVgX1SdxwAVFFKwt1EvMYYec/NWO5meOJ6K5uQxhrYBdQJne4KxiqZc+KptFOWFSI9w==",
      "requires": {
        "ansi-styles": "^6.2.1",
        "is-fullwidth-code-point": "^5.0.0"
      }
    },
    "string-width": {
      "version": "8.1.0",
      "resolved": "https://registry.npmmirror.com/string-width/-/string-width-8.1.0.tgz",
      "integrity": "sha512-Kxl3KJGb/gxkaUMOjRsQ8IrXiGW75O4E3RPjFIINOVH8AMl2SQ/yWdTzWwF3FevIX9LcMAjJW+GRwAlAbTSXdg==",
      "requires": {
        "get-east-asian-width": "^1.3.0",
        "strip-ansi": "^7.1.0"
      }
    },
    "strip-ansi": {
      "version": "7.1.2",
      "resolved": "https://registry.npmmirror.com/strip-ansi/-/strip-ansi-7.1.2.tgz",
      "integrity": "sha512-gmBGslpoQJtgnMAvOVqGZpEz9dyoKTCzy2nfz/n8aIFhN/jCE/rCmcxabB6jOOHV+0WNnylOxaxBQPSvcWklhA==",
      "requires": {
        "ansi-regex": "^6.0.1"
      }
    },
    "wrap-ansi": {
      "version": "9.0.2",
      "resolved": "https://registry.npmmirror.com/wrap-ansi/-/wrap-ansi-9.0.2.tgz",
      "integrity": "sha512-42AtmgqjV+X1VpdOfyTGOYRi0/zsoLqtXQckTmqTeybT+BDIbM/Guxo7x3pE2vtpr1ok6xRqM9OpBe+Jyoqyww==",
      "requires": {
        "ansi-styles": "^6.2.1",
        "string-width": "^7.0.0",
        "strip-ansi": "^7.1.0"
      },
      "dependencies": {
        "string-width": {
          "version": "7.2.0",
          "resolved": "https://registry.npmmirror.com/string-width/-/string-width-7.2.0.tgz",
          "integrity": "sha512-tsaTIkKW9b4N+AEj+SVA+WhJzV7/zMhcSu78mLKWSk7cXMOSHsBKFWUs0fWwq8QyK3MgJBQRX6Gbi4kYbdvGkQ==",
          "requires": {
            "emoji-regex": "^10.3.0",
            "get-east-asian-width": "^1.0.0",
            "strip-ansi": "^7.1.0"
          }
        }
      }
    }
  }
}
